{
  "object": {
    "pins": [
      {
        "package": "DifferenceKit",
        "repositoryURL": "https://github.com/ra1028/DifferenceKit.git",
        "state": {
          "branch": null,
          "revision": "62745d7780deef4a023a792a1f8f763ec7bf9705",
          "version": "1.2.0"
        }
      },
      {
        "package": "FPSCounter",
        "repositoryURL": "https://github.com/konoma/fps-counter.git",
        "state": {
          "branch": null,
          "revision": "ce58ec45cae81990faabfce4d646138b37b4d9d0",
          "version": "4.1.0"
        }
      },
      {
        "package": "InputBarAccessoryView",
        "repositoryURL": "https://github.com/nathantannar4/InputBarAccessoryView.git",
        "state": {
          "branch": null,
          "revision": "6d3d205f29b80f8fa9a9616ad801c488293242bf",
          "version": "5.4.0"
        }
      }
    ]
  },
  "version": 1
}
